
Microsoft Visual Studio Solution File, Format Version 12.00
# Visual Studio 2012
Project("{D954291E-2A0B-460D-934E-DC6B0785DB48}") = "KeepAustinRecycling", "KeepAustinRecycling\KeepAustinRecycling.shproj", "{20E0B8B5-B321-41A1-A77E-192098BF93BB}"
EndProject
Project("{FAE04EC0-301F-11D3-BF4B-00C04F79EFBC}") = "KeepAustinRecycling.iOS", "iOS\KeepAustinRecycling.iOS.csproj", "{BC44468C-0A54-4A02-B8C2-753814930796}"
EndProject
Project("{FAE04EC0-301F-11D3-BF4B-00C04F79EFBC}") = "KeepAustinRecycling.Droid", "Droid\KeepAustinRecycling.Droid.csproj", "{E3311E64-315F-493C-961F-4516743075D0}"
EndProject
Project("{FAE04EC0-301F-11D3-BF4B-00C04F79EFBC}") = "KeepAustinRecycling.UITests", "UITests\KeepAustinRecycling.UITests.csproj", "{A3F368AE-9405-4B9A-99D7-35C82896900D}"
EndProject
Global
	GlobalSection(SolutionConfigurationPlatforms) = preSolution
		Debug|iPhoneSimulator = Debug|iPhoneSimulator
		Release|iPhone = Release|iPhone
		Release|iPhoneSimulator = Release|iPhoneSimulator
		Debug|iPhone = Debug|iPhone
		Debug|Any CPU = Debug|Any CPU
		Release|Any CPU = Release|Any CPU
	EndGlobalSection
	GlobalSection(ProjectConfigurationPlatforms) = postSolution
		{BC44468C-0A54-4A02-B8C2-753814930796}.Debug|iPhoneSimulator.ActiveCfg = Debug|iPhoneSimulator
		{BC44468C-0A54-4A02-B8C2-753814930796}.Debug|iPhoneSimulator.Build.0 = Debug|iPhoneSimulator
		{BC44468C-0A54-4A02-B8C2-753814930796}.Release|iPhone.ActiveCfg = Release|iPhone
		{BC44468C-0A54-4A02-B8C2-753814930796}.Release|iPhone.Build.0 = Release|iPhone
		{BC44468C-0A54-4A02-B8C2-753814930796}.Release|iPhoneSimulator.ActiveCfg = Release|iPhoneSimulator
		{BC44468C-0A54-4A02-B8C2-753814930796}.Release|iPhoneSimulator.Build.0 = Release|iPhoneSimulator
		{BC44468C-0A54-4A02-B8C2-753814930796}.Debug|iPhone.ActiveCfg = Debug|iPhone
		{BC44468C-0A54-4A02-B8C2-753814930796}.Debug|iPhone.Build.0 = Debug|iPhone
		{BC44468C-0A54-4A02-B8C2-753814930796}.Debug|Any CPU.ActiveCfg = Debug|iPhoneSimulator
		{BC44468C-0A54-4A02-B8C2-753814930796}.Debug|Any CPU.Build.0 = Debug|iPhoneSimulator
		{BC44468C-0A54-4A02-B8C2-753814930796}.Release|Any CPU.ActiveCfg = Release|iPhone
		{BC44468C-0A54-4A02-B8C2-753814930796}.Release|Any CPU.Build.0 = Release|iPhone
		{E3311E64-315F-493C-961F-4516743075D0}.Debug|iPhoneSimulator.ActiveCfg = Debug|Any CPU
		{E3311E64-315F-493C-961F-4516743075D0}.Debug|iPhoneSimulator.Build.0 = Debug|Any CPU
		{E3311E64-315F-493C-961F-4516743075D0}.Release|iPhone.ActiveCfg = Release|Any CPU
		{E3311E64-315F-493C-961F-4516743075D0}.Release|iPhone.Build.0 = Release|Any CPU
		{E3311E64-315F-493C-961F-4516743075D0}.Release|iPhoneSimulator.ActiveCfg = Release|Any CPU
		{E3311E64-315F-493C-961F-4516743075D0}.Release|iPhoneSimulator.Build.0 = Release|Any CPU
		{E3311E64-315F-493C-961F-4516743075D0}.Debug|iPhone.ActiveCfg = Debug|Any CPU
		{E3311E64-315F-493C-961F-4516743075D0}.Debug|iPhone.Build.0 = Debug|Any CPU
		{E3311E64-315F-493C-961F-4516743075D0}.Debug|Any CPU.ActiveCfg = Debug|Any CPU
		{E3311E64-315F-493C-961F-4516743075D0}.Debug|Any CPU.Build.0 = Debug|Any CPU
		{E3311E64-315F-493C-961F-4516743075D0}.Release|Any CPU.ActiveCfg = Release|Any CPU
		{E3311E64-315F-493C-961F-4516743075D0}.Release|Any CPU.Build.0 = Release|Any CPU
		{A3F368AE-9405-4B9A-99D7-35C82896900D}.Debug|iPhoneSimulator.ActiveCfg = Debug|Any CPU
		{A3F368AE-9405-4B9A-99D7-35C82896900D}.Debug|iPhoneSimulator.Build.0 = Debug|Any CPU
		{A3F368AE-9405-4B9A-99D7-35C82896900D}.Release|iPhone.ActiveCfg = Release|Any CPU
		{A3F368AE-9405-4B9A-99D7-35C82896900D}.Release|iPhone.Build.0 = Release|Any CPU
		{A3F368AE-9405-4B9A-99D7-35C82896900D}.Release|iPhoneSimulator.ActiveCfg = Release|Any CPU
		{A3F368AE-9405-4B9A-99D7-35C82896900D}.Release|iPhoneSimulator.Build.0 = Release|Any CPU
		{A3F368AE-9405-4B9A-99D7-35C82896900D}.Debug|iPhone.ActiveCfg = Debug|Any CPU
		{A3F368AE-9405-4B9A-99D7-35C82896900D}.Debug|iPhone.Build.0 = Debug|Any CPU
		{A3F368AE-9405-4B9A-99D7-35C82896900D}.Debug|Any CPU.ActiveCfg = Debug|Any CPU
		{A3F368AE-9405-4B9A-99D7-35C82896900D}.Debug|Any CPU.Build.0 = Debug|Any CPU
		{A3F368AE-9405-4B9A-99D7-35C82896900D}.Release|Any CPU.ActiveCfg = Release|Any CPU
		{A3F368AE-9405-4B9A-99D7-35C82896900D}.Release|Any CPU.Build.0 = Release|Any CPU
	EndGlobalSection
EndGlobal
